<Solution>
  <Project Path="OpenCowork.CodeGraph.Core/OpenCowork.CodeGraph.Core.csproj" />
  <Project Path="OpenCowork.CodeGraph.Tests/OpenCowork.CodeGraph.Tests.csproj" />
  <Project Path="OpenCowork.CodeGraph.Worker/OpenCowork.CodeGraph.Worker.csproj" />
  <Project Path="OpenCowork.Worker.Runtime/OpenCowork.Worker.Runtime.csproj" />
</Solution>
